
Microsoft Visual Studio Solution File, Format Version 12.00
# Visual Studio Version 17
VisualStudioVersion = 17.9.34728.123
MinimumVisualStudioVersion = 10.0.40219.1
Project("{9A19103F-16F7-4668-BE54-9A1E7A4F7556}") = "MyStore", "MyStore\MyStore.csproj", "{861C497E-8ADF-4251-977A-BF4B10EC8562}"
EndProject
Project("{E53339B2-1760-4266-BCC7-CA923CBCF16C}") = "docker-compose", "docker-compose.dcproj", "{870649E3-9462-4AA8-92EF-430A21F2A169}"
EndProject
Global
	GlobalSection(SolutionConfigurationPlatforms) = preSolution
		Debug|Any CPU = Debug|Any CPU
		Release|Any CPU = Release|Any CPU
	EndGlobalSection
	GlobalSection(ProjectConfigurationPlatforms) = postSolution
		{861C497E-8ADF-4251-977A-BF4B10EC8562}.Debug|Any CPU.ActiveCfg = Debug|Any CPU
		{861C497E-8ADF-4251-977A-BF4B10EC8562}.Debug|Any CPU.Build.0 = Debug|Any CPU
		{861C497E-8ADF-4251-977A-BF4B10EC8562}.Release|Any CPU.ActiveCfg = Release|Any CPU
		{861C497E-8ADF-4251-977A-BF4B10EC8562}.Release|Any CPU.Build.0 = Release|Any CPU
		{870649E3-9462-4AA8-92EF-430A21F2A169}.Debug|Any CPU.ActiveCfg = Debug|Any CPU
		{870649E3-9462-4AA8-92EF-430A21F2A169}.Debug|Any CPU.Build.0 = Debug|Any CPU
		{870649E3-9462-4AA8-92EF-430A21F2A169}.Release|Any CPU.ActiveCfg = Release|Any CPU
		{870649E3-9462-4AA8-92EF-430A21F2A169}.Release|Any CPU.Build.0 = Release|Any CPU
	EndGlobalSection
	GlobalSection(SolutionProperties) = preSolution
		HideSolutionNode = FALSE
	EndGlobalSection
	GlobalSection(ExtensibilityGlobals) = postSolution
		SolutionGuid = {52932FBD-BE2A-495B-B4B4-45007AF14472}
	EndGlobalSection
EndGlobal
